{
  "nodes": {
    "nixpkgs": {
      "locked": {
        "lastModified": 1615055905,
        "narHash": "sha256-Ig7CXgE5C3mwtTVBl8nSTessa1oMAm6Pm/p+T6iAJD8=",
        "owner": "nixos",
        "repo": "nixpkgs",
        "rev": "f3fc074642a25ef5a1423412f09946149237e338",
        "type": "github"
      },
      "original": {
        "owner": "nixos",
        "repo": "nixpkgs",
        "type": "github"
      }
    },
    "root": {
      "inputs": {
        "nixpkgs": "nixpkgs"
      }
    }
  },
  "root": "root",
  "version": 7
}
